
Microsoft Visual Studio Solution File, Format Version 12.00
# Visual Studio Version 17
VisualStudioVersion = 17.14.36119.2 d17.14
MinimumVisualStudioVersion = 10.0.40219.1
Project("{FAE04EC0-301F-11D3-BF4B-00C04F79EFBC}") = "Faceted Builder", "Faceted Builder\Faceted Builder.csproj", "{8CDF24B6-24D3-4784-9CAA-7B2A967B7A83}"
EndProject
Global
	GlobalSection(SolutionConfigurationPlatforms) = preSolution
		Debug|Any CPU = Debug|Any CPU
		Release|Any CPU = Release|Any CPU
	EndGlobalSection
	GlobalSection(ProjectConfigurationPlatforms) = postSolution
		{8CDF24B6-24D3-4784-9CAA-7B2A967B7A83}.Debug|Any CPU.ActiveCfg = Debug|Any CPU
		{8CDF24B6-24D3-4784-9CAA-7B2A967B7A83}.Debug|Any CPU.Build.0 = Debug|Any CPU
		{8CDF24B6-24D3-4784-9CAA-7B2A967B7A83}.Release|Any CPU.ActiveCfg = Release|Any CPU
		{8CDF24B6-24D3-4784-9CAA-7B2A967B7A83}.Release|Any CPU.Build.0 = Release|Any CPU
	EndGlobalSection
	GlobalSection(SolutionProperties) = preSolution
		HideSolutionNode = FALSE
	EndGlobalSection
	GlobalSection(ExtensibilityGlobals) = postSolution
		SolutionGuid = {7F7CCFDF-B874-4800-8373-953906410DBA}
	EndGlobalSection
EndGlobal
